{
  "name": "finclip-node-demo",
  "version": "1.0.0",
  "lockfileVersion": 2,
  "requires": true,
  "packages": {
    "": {
      "name": "finclip-node-demo",
      "version": "1.0.0",
      "license": "ISC",
      "dependencies": {
        "finclip": "file:../../src/npm"
      }
    },
    "../../src/npm": {
      "name": "finclip",
      "version": "1.3.6",
      "devDependencies": {
        "ffi-napi": "^4.0.3",
        "ref-napi": "^3.0.3"
      }
    },
    "node_modules/finclip": {
      "resolved": "../../src/npm",
      "link": true
    }
  },
  "dependencies": {
    "finclip": {
      "version": "file:../../src/npm",
      "requires": {
        "ffi-napi": "^4.0.3",
        "ref-napi": "^3.0.3"
      }
    }
  }
}
